<Solution>
  <Folder Name="/backend/">
    <Project Path="backend/Unload.Api/Unload.Api.csproj" />
    <Project Path="backend/Unload.Bootstrapper/Unload.Bootstrapper.csproj" />
    <Project Path="backend/Unload.Catalog/Unload.Catalog.csproj" />
    <Project Path="backend/Unload.Core/Unload.Core.csproj" />
    <Project Path="backend/Unload.Cryptography/Unload.Cryptography.csproj" />
    <Project Path="backend/Unload.DataBase/Unload.DataBase.csproj" />
    <Project Path="backend/Unload.FileWriter/Unload.FileWriter.csproj" />
    <Project Path="backend/Unload.Gateway/Unload.Gateway.csproj" />
    <Project Path="backend/Unload.Store/Unload.Store.csproj" />
    <Project Path="backend/Unload.Tasks/Unload.Tasks.csproj" />
    <Project Path="backend/Unload.Tasks.Preset/Unload.Tasks.Preset.csproj" />
    <Project Path="backend/Unload.Tasks.ExtraUnload/Unload.Tasks.ExtraUnload.csproj" />
    <Project Path="backend/Unload.Tasks.MainUnload/Unload.Tasks.MainUnload.csproj" />
  </Folder>
  <Folder Name="/console/">
    <Project Path="console/Unload.Console/Unload.Console.csproj" />
    <Project Path="console/Unload.FtpServer/Unload.FtpServer.csproj" />
    <Project Path="console/Unload.GatewayHandler/Unload.GatewayHandler.csproj" />
    <Project Path="console/Unload.WebConsole/Unload.WebConsole.csproj" />
  </Folder>
</Solution>
